
Microsoft Visual Studio Solution File, Format Version 12.00
# Visual Studio Version 16
VisualStudioVersion = 16.0.31112.23
MinimumVisualStudioVersion = 10.0.40219.1
Project("{FAE04EC0-301F-11D3-BF4B-00C04F79EFBC}") = "MoreControls", "MoreControls\MoreControls.csproj", "{8E2166A2-81F6-4578-A090-98ECB909400E}"
EndProject
Global
	GlobalSection(SolutionConfigurationPlatforms) = preSolution
		Debug|Any CPU = Debug|Any CPU
		Release|Any CPU = Release|Any CPU
	EndGlobalSection
	GlobalSection(ProjectConfigurationPlatforms) = postSolution
		{8E2166A2-81F6-4578-A090-98ECB909400E}.Debug|Any CPU.ActiveCfg = Debug|Any CPU
		{8E2166A2-81F6-4578-A090-98ECB909400E}.Debug|Any CPU.Build.0 = Debug|Any CPU
		{8E2166A2-81F6-4578-A090-98ECB909400E}.Release|Any CPU.ActiveCfg = Release|Any CPU
		{8E2166A2-81F6-4578-A090-98ECB909400E}.Release|Any CPU.Build.0 = Release|Any CPU
	EndGlobalSection
	GlobalSection(SolutionProperties) = preSolution
		HideSolutionNode = FALSE
	EndGlobalSection
	GlobalSection(ExtensibilityGlobals) = postSolution
		SolutionGuid = {9DD64F5B-BBB4-48CD-AEA2-1012DDB4F314}
	EndGlobalSection
EndGlobal
